
Microsoft Visual Studio Solution File, Format Version 12.00
# Visual Studio Version 17
VisualStudioVersion = 17.4.33122.133
MinimumVisualStudioVersion = 10.0.40219.1
Project("{FAE04EC0-301F-11D3-BF4B-00C04F79EFBC}") = "WebApplicationCoreLogin", "WebApplicationCoreLogin\WebApplicationCoreLogin.csproj", "{EDF31AB7-875B-4C97-AE7E-19B2B62A1400}"
EndProject
Global
	GlobalSection(SolutionConfigurationPlatforms) = preSolution
		Debug|Any CPU = Debug|Any CPU
		Release|Any CPU = Release|Any CPU
	EndGlobalSection
	GlobalSection(ProjectConfigurationPlatforms) = postSolution
		{EDF31AB7-875B-4C97-AE7E-19B2B62A1400}.Debug|Any CPU.ActiveCfg = Debug|Any CPU
		{EDF31AB7-875B-4C97-AE7E-19B2B62A1400}.Debug|Any CPU.Build.0 = Debug|Any CPU
		{EDF31AB7-875B-4C97-AE7E-19B2B62A1400}.Release|Any CPU.ActiveCfg = Release|Any CPU
		{EDF31AB7-875B-4C97-AE7E-19B2B62A1400}.Release|Any CPU.Build.0 = Release|Any CPU
	EndGlobalSection
	GlobalSection(SolutionProperties) = preSolution
		HideSolutionNode = FALSE
	EndGlobalSection
	GlobalSection(ExtensibilityGlobals) = postSolution
		SolutionGuid = {BDAC6EE8-DF92-450A-909E-0EF6B95F7A18}
	EndGlobalSection
EndGlobal
